
Microsoft Visual Studio Solution File, Format Version 12.00
# Visual Studio Version 17
VisualStudioVersion = 17.8.34322.80
MinimumVisualStudioVersion = 10.0.40219.1
Project("{FAE04EC0-301F-11D3-BF4B-00C04F79EFBC}") = "Principios de oop", "Principios de oop\Principios de oop.csproj", "{AE0B5A32-9F82-4C4A-BA19-7A3EBC578E34}"
EndProject
Global
	GlobalSection(SolutionConfigurationPlatforms) = preSolution
		Debug|Any CPU = Debug|Any CPU
		Release|Any CPU = Release|Any CPU
	EndGlobalSection
	GlobalSection(ProjectConfigurationPlatforms) = postSolution
		{AE0B5A32-9F82-4C4A-BA19-7A3EBC578E34}.Debug|Any CPU.ActiveCfg = Debug|Any CPU
		{AE0B5A32-9F82-4C4A-BA19-7A3EBC578E34}.Debug|Any CPU.Build.0 = Debug|Any CPU
		{AE0B5A32-9F82-4C4A-BA19-7A3EBC578E34}.Release|Any CPU.ActiveCfg = Release|Any CPU
		{AE0B5A32-9F82-4C4A-BA19-7A3EBC578E34}.Release|Any CPU.Build.0 = Release|Any CPU
	EndGlobalSection
	GlobalSection(SolutionProperties) = preSolution
		HideSolutionNode = FALSE
	EndGlobalSection
	GlobalSection(ExtensibilityGlobals) = postSolution
		SolutionGuid = {16B96F13-0241-42C5-84D2-6E4F5696BE60}
	EndGlobalSection
EndGlobal
